
Microsoft Visual Studio Solution File, Format Version 12.00
# Visual Studio 15
VisualStudioVersion = 15.0.28307.489
MinimumVisualStudioVersion = 10.0.40219.1
Project("{FAE04EC0-301F-11D3-BF4B-00C04F79EFBC}") = "JobApplicationsTracker", "JobApplicationsTracker\JobApplicationsTracker.csproj", "{449E9738-4DB8-439C-9EB2-FD7862CED230}"
EndProject
Global
	GlobalSection(SolutionConfigurationPlatforms) = preSolution
		Debug|Any CPU = Debug|Any CPU
		Release|Any CPU = Release|Any CPU
	EndGlobalSection
	GlobalSection(ProjectConfigurationPlatforms) = postSolution
		{449E9738-4DB8-439C-9EB2-FD7862CED230}.Debug|Any CPU.ActiveCfg = Debug|Any CPU
		{449E9738-4DB8-439C-9EB2-FD7862CED230}.Debug|Any CPU.Build.0 = Debug|Any CPU
		{449E9738-4DB8-439C-9EB2-FD7862CED230}.Release|Any CPU.ActiveCfg = Release|Any CPU
		{449E9738-4DB8-439C-9EB2-FD7862CED230}.Release|Any CPU.Build.0 = Release|Any CPU
	EndGlobalSection
	GlobalSection(SolutionProperties) = preSolution
		HideSolutionNode = FALSE
	EndGlobalSection
	GlobalSection(ExtensibilityGlobals) = postSolution
		SolutionGuid = {DA29542A-0A4A-4AC7-AEE4-88BA8E6893F5}
	EndGlobalSection
EndGlobal
